<Solution>
  <Folder Name="/src/">
    <Project Path="src/MLambda.AI.Logic/MLambda.AI.Logic.csproj" />
    <Project Path="src/MLambda.AI.Agent/MLambda.AI.Agent.csproj" />
    <Project Path="src/MLambda.AI.ML/MLambda.AI.ML.csproj" />
    <Project Path="src/MLambda.AI.Learning/MLambda.AI.Learning.csproj" />
    <Project Path="src/MLambda.AI.Minds/MLambda.AI.Minds.csproj" />
    <Project Path="src/MLambda.AI.Actuarial/MLambda.AI.Actuarial.csproj" />
    <Project Path="src/MLambda.AI.Airline/MLambda.AI.Airline.csproj" />
  </Folder>
  <Folder Name="/test/">
    <Project Path="test/MLambda.AI.Logic.Tests/MLambda.AI.Logic.Tests.csproj" />
    <Project Path="test/MLambda.AI.Agent.Tests/MLambda.AI.Agent.Tests.csproj" />
    <Project Path="test/MLambda.AI.ML.Tests/MLambda.AI.ML.Tests.csproj" />
    <Project Path="test/MLambda.AI.Learning.Tests/MLambda.AI.Learning.Tests.csproj" />
    <Project Path="test/MLambda.AI.Minds.Tests/MLambda.AI.Minds.Tests.csproj" />
    <Project Path="test/MLambda.AI.Actuarial.Tests/MLambda.AI.Actuarial.Tests.csproj" />
    <Project Path="test/MLambda.AI.Airline.Tests/MLambda.AI.Airline.Tests.csproj" />
  </Folder>
</Solution>
