<Solution>
  <Folder Name="/src/">
    <Project Path="src/MLambda.AI.Logic/MLambda.AI.Logic.csproj" />
    <Project Path="src/MLambda.AI.Agent/MLambda.AI.Agent.csproj" />
  </Folder>
  <Folder Name="/test/">
    <Project Path="test/MLambda.AI.Logic.Tests/MLambda.AI.Logic.Tests.csproj" />
    <Project Path="test/MLambda.AI.Agent.Tests/MLambda.AI.Agent.Tests.csproj" />
  </Folder>
</Solution>
